
Microsoft Visual Studio Solution File, Format Version 12.00
# Visual Studio Version 17
VisualStudioVersion = 17.8.34525.116
MinimumVisualStudioVersion = 10.0.40219.1
Project("{9A19103F-16F7-4668-BE54-9A1E7A4F7556}") = "UdemyRealWorldUnitTest.WEB", "UdemyRealWorldUnitTest.WEB\UdemyRealWorldUnitTest.WEB.csproj", "{F389C90C-699B-4055-AFAC-D6DDAA60F1DF}"
EndProject
Project("{FAE04EC0-301F-11D3-BF4B-00C04F79EFBC}") = "UdemyRealWorldUnitTest.Test", "UdemyRealWorldUnitTest.Test\UdemyRealWorldUnitTest.Test.csproj", "{820BB671-6B95-468F-A7CE-442434CA0E04}"
EndProject
Global
	GlobalSection(SolutionConfigurationPlatforms) = preSolution
		Debug|Any CPU = Debug|Any CPU
		Release|Any CPU = Release|Any CPU
	EndGlobalSection
	GlobalSection(ProjectConfigurationPlatforms) = postSolution
		{F389C90C-699B-4055-AFAC-D6DDAA60F1DF}.Debug|Any CPU.ActiveCfg = Debug|Any CPU
		{F389C90C-699B-4055-AFAC-D6DDAA60F1DF}.Debug|Any CPU.Build.0 = Debug|Any CPU
		{F389C90C-699B-4055-AFAC-D6DDAA60F1DF}.Release|Any CPU.ActiveCfg = Release|Any CPU
		{F389C90C-699B-4055-AFAC-D6DDAA60F1DF}.Release|Any CPU.Build.0 = Release|Any CPU
		{820BB671-6B95-468F-A7CE-442434CA0E04}.Debug|Any CPU.ActiveCfg = Debug|Any CPU
		{820BB671-6B95-468F-A7CE-442434CA0E04}.Debug|Any CPU.Build.0 = Debug|Any CPU
		{820BB671-6B95-468F-A7CE-442434CA0E04}.Release|Any CPU.ActiveCfg = Release|Any CPU
		{820BB671-6B95-468F-A7CE-442434CA0E04}.Release|Any CPU.Build.0 = Release|Any CPU
	EndGlobalSection
	GlobalSection(SolutionProperties) = preSolution
		HideSolutionNode = FALSE
	EndGlobalSection
	GlobalSection(ExtensibilityGlobals) = postSolution
		SolutionGuid = {231CA5D8-F81A-4316-9EF9-3A56ED8A38B8}
	EndGlobalSection
EndGlobal
